<?xml version="1.0" encoding="utf-8"?>
<Project ToolsVersion="4.0" xmlns="http://schemas.microsoft.com/developer/msbuild/2003">
  <ItemGroup>
    <Filter Include="Исходные файлы">
      <UniqueIdentifier>{4FC737F1-C7A5-4376-A066-2A32D752A2FF}</UniqueIdentifier>
      <Extensions>cpp;c;cc;cxx;c++;cppm;ixx;def;odl;idl;hpj;bat;asm;asmx</Extensions>
    </Filter>
    <Filter Include="Файлы заголовков">
      <UniqueIdentifier>{93995380-89BD-4b04-88EB-625FBE52EBFB}</UniqueIdentifier>
      <Extensions>h;hh;hpp;hxx;h++;hm;inl;inc;ipp;xsd</Extensions>
    </Filter>
    <Filter Include="Файлы ресурсов">
      <UniqueIdentifier>{67DA6AB6-F800-4c08-8B7A-83BB121AAD01}</UniqueIdentifier>
      <Extensions>rc;ico;cur;bmp;dlg;rc2;rct;bin;rgs;gif;jpg;jpeg;jpe;resx;tiff;tif;png;wav;mfcribbon-ms</Extensions>
    </Filter>
  </ItemGroup>
  <ItemGroup>
    <ClCompile Include="Source\Cheat-Base.cpp">
      <Filter>Исходные файлы</Filter>
    </ClCompile>
    <ClCompile Include="Dependencies\imgui\imgui.cpp">
      <Filter>Исходные файлы</Filter>
    </ClCompile>
    <ClCompile Include="Dependencies\imgui\imgui_demo.cpp">
      <Filter>Исходные файлы</Filter>
    </ClCompile>
    <ClCompile Include="Dependencies\imgui\imgui_draw.cpp">
      <Filter>Исходные файлы</Filter>
    </ClCompile>
    <ClCompile Include="Dependencies\imgui\imgui_impl_dx11.cpp">
      <Filter>Исходные файлы</Filter>
    </ClCompile>
    <ClCompile Include="Dependencies\imgui\imgui_impl_win32.cpp">
      <Filter>Исходные файлы</Filter>
    </ClCompile>
    <ClCompile Include="Dependencies\imgui\imgui_tables.cpp">
      <Filter>Исходные файлы</Filter>
    </ClCompile>
    <ClCompile Include="Dependencies\imgui\imgui_widgets.cpp">
      <Filter>Исходные файлы</Filter>
    </ClCompile>
    <ClCompile Include="Source\Hooks\Hooks.cpp">
      <Filter>Исходные файлы</Filter>
    </ClCompile>
    <ClCompile Include="Source\Memory\Memory.cpp">
      <Filter>Исходные файлы</Filter>
    </ClCompile>
    <ClCompile Include="Dependencies\kiero\kiero.cpp">
      <Filter>Исходные файлы</Filter>
    </ClCompile>
    <ClCompile Include="Source\Hooks\MinHook\MinHook.cpp">
      <Filter>Исходные файлы</Filter>
    </ClCompile>
    <ClCompile Include="Dependencies\MinHook\hde\hde32.c">
      <Filter>Исходные файлы</Filter>
    </ClCompile>
    <ClCompile Include="Dependencies\MinHook\hde\hde64.c">
      <Filter>Исходные файлы</Filter>
    </ClCompile>
    <ClCompile Include="Dependencies\MinHook\buffer.c">
      <Filter>Исходные файлы</Filter>
    </ClCompile>
    <ClCompile Include="Dependencies\MinHook\hook.c">
      <Filter>Исходные файлы</Filter>
    </ClCompile>
    <ClCompile Include="Dependencies\MinHook\trampoline.c">
      <Filter>Исходные файлы</Filter>
    </ClCompile>
    <ClCompile Include="Source\Menu\Menu.cpp">
      <Filter>Исходные файлы</Filter>
    </ClCompile>
    <ClCompile Include="Source\SDK\Source2\InputSystem.cpp">
      <Filter>Исходные файлы</Filter>
    </ClCompile>
    <ClCompile Include="Source\SDK\Utils.cpp">
      <Filter>Исходные файлы</Filter>
    </ClCompile>
    <ClCompile Include="Source\SDK\Source2\BaseEntity.cpp">
      <Filter>Исходные файлы</Filter>
    </ClCompile>
    <ClCompile Include="Source\SDK\Netvars.cpp">
      <Filter>Исходные файлы</Filter>
    </ClCompile>
    <ClCompile Include="Source\Hacks\Misc.cpp">
      <Filter>Исходные файлы</Filter>
    </ClCompile>
    <ClCompile Include="Source\Config\Config.cpp">
      <Filter>Исходные файлы</Filter>
    </ClCompile>
    <ClCompile Include="Source\SDK\Source2\Handle.cpp">
      <Filter>Исходные файлы</Filter>
    </ClCompile>
    <ClCompile Include="Dependencies\imgui\imgui_stdlib.cpp">
      <Filter>Исходные файлы</Filter>
    </ClCompile>
    <ClCompile Include="Source\Hacks\Visuals.cpp">
      <Filter>Исходные файлы</Filter>
    </ClCompile>
    <ClCompile Include="Source\SDK\Source2\BasePlayerWeapon.cpp">
      <Filter>Исходные файлы</Filter>
    </ClCompile>
    <ClCompile Include="Source\SDK\Source2\BasePlayerController.cpp">
      <Filter>Исходные файлы</Filter>
    </ClCompile>
    <ClCompile Include="Source\SDK\Source2\CPlayer_WeaponServices.cpp">
      <Filter>Исходные файлы</Filter>
    </ClCompile>
    <ClCompile Include="Source\GameData\GameData.cpp">
      <Filter>Исходные файлы</Filter>
    </ClCompile>
    <ClCompile Include="Source\SDK\Source2\CSPlayerPawnBase.cpp">
      <Filter>Исходные файлы</Filter>
    </ClCompile>
    <ClCompile Include="Source\Hacks\ESP.cpp">
      <Filter>Исходные файлы</Filter>
    </ClCompile>
  </ItemGroup>
  <ItemGroup>
    <ClInclude Include="Dependencies\imgui\imconfig.h">
      <Filter>Файлы заголовков</Filter>
    </ClInclude>
    <ClInclude Include="Dependencies\imgui\imgui.h">
      <Filter>Файлы заголовков</Filter>
    </ClInclude>
    <ClInclude Include="Dependencies\imgui\imgui_impl_dx11.h">
      <Filter>Файлы заголовков</Filter>
    </ClInclude>
    <ClInclude Include="Dependencies\imgui\imgui_impl_win32.h">
      <Filter>Файлы заголовков</Filter>
    </ClInclude>
    <ClInclude Include="Dependencies\imgui\imgui_internal.h">
      <Filter>Файлы заголовков</Filter>
    </ClInclude>
    <ClInclude Include="Dependencies\imgui\imstb_rectpack.h">
      <Filter>Файлы заголовков</Filter>
    </ClInclude>
    <ClInclude Include="Dependencies\imgui\imstb_textedit.h">
      <Filter>Файлы заголовков</Filter>
    </ClInclude>
    <ClInclude Include="Dependencies\imgui\imstb_truetype.h">
      <Filter>Файлы заголовков</Filter>
    </ClInclude>
    <ClInclude Include="Source\Hooks\Hooks.h">
      <Filter>Файлы заголовков</Filter>
    </ClInclude>
    <ClInclude Include="Source\Memory\Memory.h">
      <Filter>Файлы заголовков</Filter>
    </ClInclude>
    <ClInclude Include="Dependencies\kiero\kiero.h">
      <Filter>Файлы заголовков</Filter>
    </ClInclude>
    <ClInclude Include="Source\Hooks\MinHook\MinHook.h">
      <Filter>Файлы заголовков</Filter>
    </ClInclude>
    <ClInclude Include="Dependencies\MinHook\hde\hde32.h">
      <Filter>Файлы заголовков</Filter>
    </ClInclude>
    <ClInclude Include="Dependencies\MinHook\hde\hde64.h">
      <Filter>Файлы заголовков</Filter>
    </ClInclude>
    <ClInclude Include="Dependencies\MinHook\hde\pstdint.h">
      <Filter>Файлы заголовков</Filter>
    </ClInclude>
    <ClInclude Include="Dependencies\MinHook\hde\table32.h">
      <Filter>Файлы заголовков</Filter>
    </ClInclude>
    <ClInclude Include="Dependencies\MinHook\hde\table64.h">
      <Filter>Файлы заголовков</Filter>
    </ClInclude>
    <ClInclude Include="Dependencies\MinHook\buffer.h">
      <Filter>Файлы заголовков</Filter>
    </ClInclude>
    <ClInclude Include="Dependencies\MinHook\MinHook.h">
      <Filter>Файлы заголовков</Filter>
    </ClInclude>
    <ClInclude Include="Dependencies\MinHook\trampoline.h">
      <Filter>Файлы заголовков</Filter>
    </ClInclude>
    <ClInclude Include="Source\Menu\Menu.h">
      <Filter>Файлы заголовков</Filter>
    </ClInclude>
    <ClInclude Include="Source\Interfaces.h">
      <Filter>Файлы заголовков</Filter>
    </ClInclude>
    <ClInclude Include="Source\SDK\VirtualMethod.h">
      <Filter>Файлы заголовков</Filter>
    </ClInclude>
    <ClInclude Include="Source\SDK\Source2\BaseEntity.h">
      <Filter>Файлы заголовков</Filter>
    </ClInclude>
    <ClInclude Include="Source\SDK\Source2\BasePlayerController.h">
      <Filter>Файлы заголовков</Filter>
    </ClInclude>
    <ClInclude Include="Source\SDK\Source2\CSPlayerController.h">
      <Filter>Файлы заголовков</Filter>
    </ClInclude>
    <ClInclude Include="Source\SDK\Source2\EngineClient.h">
      <Filter>Файлы заголовков</Filter>
    </ClInclude>
    <ClInclude Include="Source\SDK\Source2\EntityInstance.h">
      <Filter>Файлы заголовков</Filter>
    </ClInclude>
    <ClInclude Include="Source\SDK\Source2\GameEntitySystem.h">
      <Filter>Файлы заголовков</Filter>
    </ClInclude>
    <ClInclude Include="Source\SDK\Source2\GameResourceService.h">
      <Filter>Файлы заголовков</Filter>
    </ClInclude>
    <ClInclude Include="Source\SDK\Source2\InputSystem.h">
      <Filter>Файлы заголовков</Filter>
    </ClInclude>
    <ClInclude Include="Source\SDK\ScanUtils\Module.h">
      <Filter>Файлы заголовков</Filter>
    </ClInclude>
    <ClInclude Include="Source\SDK\Source2\Input.h">
      <Filter>Файлы заголовков</Filter>
    </ClInclude>
    <ClInclude Include="Source\SDK\Pad.h">
      <Filter>Файлы заголовков</Filter>
    </ClInclude>
    <ClInclude Include="Source\SDK\Vector.h">
      <Filter>Файлы заголовков</Filter>
    </ClInclude>
    <ClInclude Include="Source\SDK\Source2\UserCmd.h">
      <Filter>Файлы заголовков</Filter>
    </ClInclude>
    <ClInclude Include="Source\SDK\Source2\FrameStage.h">
      <Filter>Файлы заголовков</Filter>
    </ClInclude>
    <ClInclude Include="Source\SDK\Utils.h">
      <Filter>Файлы заголовков</Filter>
    </ClInclude>
    <ClInclude Include="Source\SDK\Source2\GlobalVars.h">
      <Filter>Файлы заголовков</Filter>
    </ClInclude>
    <ClInclude Include="Source\SDK\LocalPlayer.h">
      <Filter>Файлы заголовков</Filter>
    </ClInclude>
    <ClInclude Include="Source\SDK\ScanUtils\stb.h">
      <Filter>Файлы заголовков</Filter>
    </ClInclude>
    <ClInclude Include="Source\SDK\Netvars.h">
      <Filter>Файлы заголовков</Filter>
    </ClInclude>
    <ClInclude Include="Source\SDK\Source2\SchemaSystem.h">
      <Filter>Файлы заголовков</Filter>
    </ClInclude>
    <ClInclude Include="Source\SDK\UtlTsHash.h">
      <Filter>Файлы заголовков</Filter>
    </ClInclude>
    <ClInclude Include="Source\SDK\Source2\EntityIdentity.h">
      <Filter>Файлы заголовков</Filter>
    </ClInclude>
    <ClInclude Include="Source\Hacks\Misc.h">
      <Filter>Файлы заголовков</Filter>
    </ClInclude>
    <ClInclude Include="Source\Config\Config.h">
      <Filter>Файлы заголовков</Filter>
    </ClInclude>
    <ClInclude Include="Dependencies\Json\JsonForward.h">
      <Filter>Файлы заголовков</Filter>
    </ClInclude>
    <ClInclude Include="Dependencies\Json\nlohmann\json.hpp">
      <Filter>Файлы заголовков</Filter>
    </ClInclude>
    <ClInclude Include="Dependencies\fnv.h">
      <Filter>Файлы заголовков</Filter>
    </ClInclude>
    <ClInclude Include="Source\SDK\Source2\Handle.h">
      <Filter>Файлы заголовков</Filter>
    </ClInclude>
    <ClInclude Include="Source\SDK\Source2\MoveType.h">
      <Filter>Файлы заголовков</Filter>
    </ClInclude>
    <ClInclude Include="Source\SDK\Source2\CSPlayerPawnBase.h">
      <Filter>Файлы заголовков</Filter>
    </ClInclude>
    <ClInclude Include="Source\SDK\Source2\BasePlayerPawn.h">
      <Filter>Файлы заголовков</Filter>
    </ClInclude>
    <ClInclude Include="Dependencies\imgui\imgui_stdlib.h">
      <Filter>Файлы заголовков</Filter>
    </ClInclude>
    <ClInclude Include="Source\Hacks\Visuals.h">
      <Filter>Файлы заголовков</Filter>
    </ClInclude>
    <ClInclude Include="Source\SDK\Source2\CPlayer_WeaponServices.h">
      <Filter>Файлы заголовков</Filter>
    </ClInclude>
    <ClInclude Include="Source\SDK\Source2\BasePlayerWeapon.h">
      <Filter>Файлы заголовков</Filter>
    </ClInclude>
    <ClInclude Include="Source\SDK\Source2\GameTick.h">
      <Filter>Файлы заголовков</Filter>
    </ClInclude>
    <ClInclude Include="Source\SDK\Source2\EconEntity.h">
      <Filter>Файлы заголовков</Filter>
    </ClInclude>
    <ClInclude Include="Source\GameData\GameData.h">
      <Filter>Файлы заголовков</Filter>
    </ClInclude>
    <ClInclude Include="Source\SDK\Source2\GameSceneNode.h">
      <Filter>Файлы заголовков</Filter>
    </ClInclude>
    <ClInclude Include="Source\Hacks\ESP.h">
      <Filter>Файлы заголовков</Filter>
    </ClInclude>
  </ItemGroup>
  <ItemGroup>
    <None Include="Source\SDK\Source2\CollisionProperty.h" />
  </ItemGroup>
</Project>